
Microsoft Visual Studio Solution File, Format Version 12.00
# Visual Studio 15
VisualStudioVersion = 15.0.28307.757
MinimumVisualStudioVersion = 10.0.40219.1
Project("{FAE04EC0-301F-11D3-BF4B-00C04F79EFBC}") = "Elements", "Elements\Elements.csproj", "{08B4C15C-834C-4138-A4DD-6F87F26807ED}"
EndProject
Project("{FAE04EC0-301F-11D3-BF4B-00C04F79EFBC}") = "WebApi", "WebApi\WebApi.csproj", "{EF49B16F-0F9F-477B-BA72-7B62DA0459DB}"
EndProject
Global
	GlobalSection(SolutionConfigurationPlatforms) = preSolution
		Debug|Any CPU = Debug|Any CPU
		Release|Any CPU = Release|Any CPU
	EndGlobalSection
	GlobalSection(ProjectConfigurationPlatforms) = postSolution
		{08B4C15C-834C-4138-A4DD-6F87F26807ED}.Debug|Any CPU.ActiveCfg = Debug|Any CPU
		{08B4C15C-834C-4138-A4DD-6F87F26807ED}.Debug|Any CPU.Build.0 = Debug|Any CPU
		{08B4C15C-834C-4138-A4DD-6F87F26807ED}.Release|Any CPU.ActiveCfg = Release|Any CPU
		{08B4C15C-834C-4138-A4DD-6F87F26807ED}.Release|Any CPU.Build.0 = Release|Any CPU
		{EF49B16F-0F9F-477B-BA72-7B62DA0459DB}.Debug|Any CPU.ActiveCfg = Debug|Any CPU
		{EF49B16F-0F9F-477B-BA72-7B62DA0459DB}.Debug|Any CPU.Build.0 = Debug|Any CPU
		{EF49B16F-0F9F-477B-BA72-7B62DA0459DB}.Release|Any CPU.ActiveCfg = Release|Any CPU
		{EF49B16F-0F9F-477B-BA72-7B62DA0459DB}.Release|Any CPU.Build.0 = Release|Any CPU
	EndGlobalSection
	GlobalSection(SolutionProperties) = preSolution
		HideSolutionNode = FALSE
	EndGlobalSection
	GlobalSection(ExtensibilityGlobals) = postSolution
		SolutionGuid = {E39D932D-22DA-45CE-893B-85EC734E760E}
	EndGlobalSection
EndGlobal
